// !$*UTF8*$!
{
	archiveVersion = 1;
	classes = {
	};
	objectVersion = 48;
	objects = {

/* Begin PBXBuildFile section */
		34AD7F9B1FF3DE8600CA8D85 /* AppDelegate.swift in Sources */ = {isa = PBXBuildFile; fileRef = 34AD7F9A1FF3DE8600CA8D85 /* AppDelegate.swift */; };
		34AD7FA21FF3DE8600CA8D85 /* Assets.xcassets in Resources */ = {isa = PBXBuildFile; fileRef = 34AD7FA11FF3DE8600CA8D85 /* Assets.xcassets */; };
		34AD7FA51FF3DE8600CA8D85 /* LaunchScreen.storyboard in Resources */ = {isa = PBXBuildFile; fileRef = 34AD7FA31FF3DE8600CA8D85 /* LaunchScreen.storyboard */; };
		34AD7FC01FF3DEFF00CA8D85 /* RootViewViewController.swift in Sources */ = {isa = PBXBuildFile; fileRef = 34AD7FBE1FF3DEFF00CA8D85 /* RootViewViewController.swift */; };
		34AD7FC11FF3DEFF00CA8D85 /* RootViewViewController.xib in Resources */ = {isa = PBXBuildFile; fileRef = 34AD7FBF1FF3DEFF00CA8D85 /* RootViewViewController.xib */; };
		34AD7FDC1FF3E52F00CA8D85 /* DayViewController.swift in Sources */ = {isa = PBXBuildFile; fileRef = 34AD7FDA1FF3E52F00CA8D85 /* DayViewController.swift */; };
		34AD7FDD1FF3E52F00CA8D85 /* DayViewController.xib in Resources */ = {isa = PBXBuildFile; fileRef = 34AD7FDB1FF3E52F00CA8D85 /* DayViewController.xib */; };
		34AD7FE01FF3E55100CA8D85 /* WeekViewController.swift in Sources */ = {isa = PBXBuildFile; fileRef = 34AD7FDE1FF3E55100CA8D85 /* WeekViewController.swift */; };
		34AD7FE11FF3E55100CA8D85 /* WeekViewController.xib in Resources */ = {isa = PBXBuildFile; fileRef = 34AD7FDF1FF3E55100CA8D85 /* WeekViewController.xib */; };
		34AD7FEE1FF3EFA300CA8D85 /* Configuration.swift in Sources */ = {isa = PBXBuildFile; fileRef = 34AD7FED1FF3EFA300CA8D85 /* Configuration.swift */; };
		34AD7FF11FF3F0BA00CA8D85 /* DataManager.swift in Sources */ = {isa = PBXBuildFile; fileRef = 34AD7FF01FF3F0BA00CA8D85 /* DataManager.swift */; };
		34B9E8BB1FF4EF95000BE0E1 /* WeekViewCell.swift in Sources */ = {isa = PBXBuildFile; fileRef = 34B9E8B91FF4EF95000BE0E1 /* WeekViewCell.swift */; };
		34B9E8BC1FF4EF95000BE0E1 /* WeekViewCell.xib in Resources */ = {isa = PBXBuildFile; fileRef = 34B9E8BA1FF4EF95000BE0E1 /* WeekViewCell.xib */; };
		34B9E8BF1FF4F26E000BE0E1 /* NSObject+DarkCloudy.swift in Sources */ = {isa = PBXBuildFile; fileRef = 34B9E8BE1FF4F26E000BE0E1 /* NSObject+DarkCloudy.swift */; };
		34B9E8C11FF4F769000BE0E1 /* WeatherViewController.swift in Sources */ = {isa = PBXBuildFile; fileRef = 34B9E8C01FF4F769000BE0E1 /* WeatherViewController.swift */; };
		34B9E8C31FF50268000BE0E1 /* UIViewController+DarkCloudy.swift in Sources */ = {isa = PBXBuildFile; fileRef = 34B9E8C21FF50268000BE0E1 /* UIViewController+DarkCloudy.swift */; };
		34B9E8C51FF510AF000BE0E1 /* WeatherDayData.swift in Sources */ = {isa = PBXBuildFile; fileRef = 34B9E8C41FF510AF000BE0E1 /* WeatherDayData.swift */; };
		34B9E8C81FF512FA000BE0E1 /* UserDefaults+DarkCloudy.swift in Sources */ = {isa = PBXBuildFile; fileRef = 34B9E8C71FF512FA000BE0E1 /* UserDefaults+DarkCloudy.swift */; };
		34B9E8CA1FF5139E000BE0E1 /* UnitConversion+DarkCloudy.swift in Sources */ = {isa = PBXBuildFile; fileRef = 34B9E8C91FF5139E000BE0E1 /* UnitConversion+DarkCloudy.swift */; };
		34B9E8CE1FF6AE35000BE0E1 /* SettingsViewController.swift in Sources */ = {isa = PBXBuildFile; fileRef = 34B9E8CC1FF6AE35000BE0E1 /* SettingsViewController.swift */; };
		34B9E8CF1FF6AE35000BE0E1 /* SettingsViewController.xib in Resources */ = {isa = PBXBuildFile; fileRef = 34B9E8CD1FF6AE35000BE0E1 /* SettingsViewController.xib */; };
		34B9E8D31FF6AE53000BE0E1 /* SettingViewCell.swift in Sources */ = {isa = PBXBuildFile; fileRef = 34B9E8D11FF6AE53000BE0E1 /* SettingViewCell.swift */; };
		34B9E8D41FF6AE53000BE0E1 /* SettingViewCell.xib in Resources */ = {isa = PBXBuildFile; fileRef = 34B9E8D21FF6AE53000BE0E1 /* SettingViewCell.xib */; };
		34B9E8D81FF6C7D4000BE0E1 /* LocationsViewController.swift in Sources */ = {isa = PBXBuildFile; fileRef = 34B9E8D61FF6C7D4000BE0E1 /* LocationsViewController.swift */; };
		34B9E8D91FF6C7D4000BE0E1 /* LocationsViewController.xib in Resources */ = {isa = PBXBuildFile; fileRef = 34B9E8D71FF6C7D4000BE0E1 /* LocationsViewController.xib */; };
		34B9E8DD1FF6C825000BE0E1 /* LocationViewCell.swift in Sources */ = {isa = PBXBuildFile; fileRef = 34B9E8DB1FF6C825000BE0E1 /* LocationViewCell.swift */; };
		34B9E8DE1FF6C825000BE0E1 /* LocationViewCell.xib in Resources */ = {isa = PBXBuildFile; fileRef = 34B9E8DC1FF6C825000BE0E1 /* LocationViewCell.xib */; };
		34B9E8E11FF6CA97000BE0E1 /* AddLocationViewController.swift in Sources */ = {isa = PBXBuildFile; fileRef = 34B9E8DF1FF6CA97000BE0E1 /* AddLocationViewController.swift */; };
		34B9E8E21FF6CA97000BE0E1 /* AddLocationViewController.xib in Resources */ = {isa = PBXBuildFile; fileRef = 34B9E8E01FF6CA97000BE0E1 /* AddLocationViewController.xib */; };
		34B9E8E51FF75E8A000BE0E1 /* Location.swift in Sources */ = {isa = PBXBuildFile; fileRef = 34B9E8E41FF75E8A000BE0E1 /* Location.swift */; };
		34B9E8E81FF7BFAB000BE0E1 /* LocationRepresentable.swift in Sources */ = {isa = PBXBuildFile; fileRef = 34B9E8E71FF7BFAB000BE0E1 /* LocationRepresentable.swift */; };
		34B9E8EB1FF7C2B2000BE0E1 /* LocationsViewLocationViewModel.swift in Sources */ = {isa = PBXBuildFile; fileRef = 34B9E8EA1FF7C2B2000BE0E1 /* LocationsViewLocationViewModel.swift */; };
		34B9E8EE1FF845B8000BE0E1 /* DayViewViewModel.swift in Sources */ = {isa = PBXBuildFile; fileRef = 34B9E8ED1FF845B8000BE0E1 /* DayViewViewModel.swift */; };
		34B9E8F01FF8484A000BE0E1 /* UIImage+DarkCloudy.swift in Sources */ = {isa = PBXBuildFile; fileRef = 34B9E8EF1FF8484A000BE0E1 /* UIImage+DarkCloudy.swift */; };
		34B9E8F21FF84C10000BE0E1 /* WeekViewViewModel.swift in Sources */ = {isa = PBXBuildFile; fileRef = 34B9E8F11FF84C10000BE0E1 /* WeekViewViewModel.swift */; };
		34B9E8F51FF8521E000BE0E1 /* SettingsViewTimeViewModel.swift in Sources */ = {isa = PBXBuildFile; fileRef = 34B9E8F41FF8521E000BE0E1 /* SettingsViewTimeViewModel.swift */; };
		34B9E8F71FF8543E000BE0E1 /* SettingsViewUnitsViewModel.swift in Sources */ = {isa = PBXBuildFile; fileRef = 34B9E8F61FF8543E000BE0E1 /* SettingsViewUnitsViewModel.swift */; };
		34B9E8F91FF8545B000BE0E1 /* SettingsViewTemperatureViewModel.swift in Sources */ = {isa = PBXBuildFile; fileRef = 34B9E8F81FF8545B000BE0E1 /* SettingsViewTemperatureViewModel.swift */; };
		34B9E8FC1FF85662000BE0E1 /* SettingsRepresentable.swift in Sources */ = {isa = PBXBuildFile; fileRef = 34B9E8FB1FF85662000BE0E1 /* SettingsRepresentable.swift */; };
		34B9E8FE1FF859A1000BE0E1 /* WeatherDayViewViewModel.swift in Sources */ = {isa = PBXBuildFile; fileRef = 34B9E8FD1FF859A1000BE0E1 /* WeatherDayViewViewModel.swift */; };
		34B9E9011FF85CD7000BE0E1 /* WeatherDayRepresentable.swift in Sources */ = {isa = PBXBuildFile; fileRef = 34B9E9001FF85CD7000BE0E1 /* WeatherDayRepresentable.swift */; };
		34B9E9071FF8619D000BE0E1 /* SettingsViewTimeViewModelTests.swift in Sources */ = {isa = PBXBuildFile; fileRef = 34B9E9061FF8619D000BE0E1 /* SettingsViewTimeViewModelTests.swift */; };
		34B9E9091FF86638000BE0E1 /* SettingsViewUnitsViewModelTests.swift in Sources */ = {isa = PBXBuildFile; fileRef = 34B9E9081FF86638000BE0E1 /* SettingsViewUnitsViewModelTests.swift */; };
		34B9E90B1FF8678E000BE0E1 /* SettingsViewTemperatureViewModelTests.swift in Sources */ = {isa = PBXBuildFile; fileRef = 34B9E90A1FF8678E000BE0E1 /* SettingsViewTemperatureViewModelTests.swift */; };
		34B9E90D1FF869A8000BE0E1 /* darkSky.json in Resources */ = {isa = PBXBuildFile; fileRef = 34B9E90C1FF869A7000BE0E1 /* darkSky.json */; };
		34B9E90F1FF869F5000BE0E1 /* XCTestCase+DarkCloudyTests.swift in Sources */ = {isa = PBXBuildFile; fileRef = 34B9E90E1FF869F5000BE0E1 /* XCTestCase+DarkCloudyTests.swift */; };
		34B9E9111FF86AED000BE0E1 /* DayViewViewModelTests.swift in Sources */ = {isa = PBXBuildFile; fileRef = 34B9E9101FF86AED000BE0E1 /* DayViewViewModelTests.swift */; };
		34D68EA51FF4E4FC00D3B178 /* JSONDecodable.swift in Sources */ = {isa = PBXBuildFile; fileRef = 34D68EA41FF4E4FC00D3B178 /* JSONDecodable.swift */; };
		34D68EA71FF4E54700D3B178 /* WeatherData.swift in Sources */ = {isa = PBXBuildFile; fileRef = 34D68EA61FF4E54700D3B178 /* WeatherData.swift */; };
/* End PBXBuildFile section */

/* Begin PBXContainerItemProxy section */
		34AD7FAC1FF3DE8600CA8D85 /* PBXContainerItemProxy */ = {
			isa = PBXContainerItemProxy;
			containerPortal = 34AD7F8F1FF3DE8600CA8D85 /* Project object */;
			proxyType = 1;
			remoteGlobalIDString = 34AD7F961FF3DE8600CA8D85;
			remoteInfo = DarkCloudy;
		};
/* End PBXContainerItemProxy section */

/* Begin PBXFileReference section */
		34AD7F971FF3DE8600CA8D85 /* DarkCloudy.app */ = {isa = PBXFileReference; explicitFileType = wrapper.application; includeInIndex = 0; path = DarkCloudy.app; sourceTree = BUILT_PRODUCTS_DIR; };
		34AD7F9A1FF3DE8600CA8D85 /* AppDelegate.swift */ = {isa = PBXFileReference; lastKnownFileType = sourcecode.swift; path = AppDelegate.swift; sourceTree = "<group>"; };
		34AD7FA11FF3DE8600CA8D85 /* Assets.xcassets */ = {isa = PBXFileReference; lastKnownFileType = folder.assetcatalog; path = Assets.xcassets; sourceTree = "<group>"; };
		34AD7FA41FF3DE8600CA8D85 /* Base */ = {isa = PBXFileReference; lastKnownFileType = file.storyboard; name = Base; path = Base.lproj/LaunchScreen.storyboard; sourceTree = "<group>"; };
		34AD7FA61FF3DE8600CA8D85 /* Info.plist */ = {isa = PBXFileReference; lastKnownFileType = text.plist.xml; path = Info.plist; sourceTree = "<group>"; };
		34AD7FAB1FF3DE8600CA8D85 /* DarkCloudyTests.xctest */ = {isa = PBXFileReference; explicitFileType = wrapper.cfbundle; includeInIndex = 0; path = DarkCloudyTests.xctest; sourceTree = BUILT_PRODUCTS_DIR; };
		34AD7FB11FF3DE8600CA8D85 /* Info.plist */ = {isa = PBXFileReference; lastKnownFileType = text.plist.xml; path = Info.plist; sourceTree = "<group>"; };
		34AD7FBE1FF3DEFF00CA8D85 /* RootViewViewController.swift */ = {isa = PBXFileReference; lastKnownFileType = sourcecode.swift; path = RootViewViewController.swift; sourceTree = "<group>"; };
		34AD7FBF1FF3DEFF00CA8D85 /* RootViewViewController.xib */ = {isa = PBXFileReference; lastKnownFileType = file.xib; path = RootViewViewController.xib; sourceTree = "<group>"; };
		34AD7FDA1FF3E52F00CA8D85 /* DayViewController.swift */ = {isa = PBXFileReference; lastKnownFileType = sourcecode.swift; path = DayViewController.swift; sourceTree = "<group>"; };
		34AD7FDB1FF3E52F00CA8D85 /* DayViewController.xib */ = {isa = PBXFileReference; lastKnownFileType = file.xib; path = DayViewController.xib; sourceTree = "<group>"; };
		34AD7FDE1FF3E55100CA8D85 /* WeekViewController.swift */ = {isa = PBXFileReference; lastKnownFileType = sourcecode.swift; path = WeekViewController.swift; sourceTree = "<group>"; };
		34AD7FDF1FF3E55100CA8D85 /* WeekViewController.xib */ = {isa = PBXFileReference; lastKnownFileType = file.xib; path = WeekViewController.xib; sourceTree = "<group>"; };
		34AD7FED1FF3EFA300CA8D85 /* Configuration.swift */ = {isa = PBXFileReference; lastKnownFileType = sourcecode.swift; path = Configuration.swift; sourceTree = "<group>"; };
		34AD7FF01FF3F0BA00CA8D85 /* DataManager.swift */ = {isa = PBXFileReference; lastKnownFileType = sourcecode.swift; path = DataManager.swift; sourceTree = "<group>"; };
		34B9E8B91FF4EF95000BE0E1 /* WeekViewCell.swift */ = {isa = PBXFileReference; lastKnownFileType = sourcecode.swift; path = WeekViewCell.swift; sourceTree = "<group>"; };
		34B9E8BA1FF4EF95000BE0E1 /* WeekViewCell.xib */ = {isa = PBXFileReference; lastKnownFileType = file.xib; path = WeekViewCell.xib; sourceTree = "<group>"; };
		34B9E8BE1FF4F26E000BE0E1 /* NSObject+DarkCloudy.swift */ = {isa = PBXFileReference; lastKnownFileType = sourcecode.swift; path = "NSObject+DarkCloudy.swift"; sourceTree = "<group>"; };
		34B9E8C01FF4F769000BE0E1 /* WeatherViewController.swift */ = {isa = PBXFileReference; lastKnownFileType = sourcecode.swift; path = WeatherViewController.swift; sourceTree = "<group>"; };
		34B9E8C21FF50268000BE0E1 /* UIViewController+DarkCloudy.swift */ = {isa = PBXFileReference; lastKnownFileType = sourcecode.swift; path = "UIViewController+DarkCloudy.swift"; sourceTree = "<group>"; };
		34B9E8C41FF510AF000BE0E1 /* WeatherDayData.swift */ = {isa = PBXFileReference; lastKnownFileType = sourcecode.swift; path = WeatherDayData.swift; sourceTree = "<group>"; };
		34B9E8C71FF512FA000BE0E1 /* UserDefaults+DarkCloudy.swift */ = {isa = PBXFileReference; lastKnownFileType = sourcecode.swift; path = "UserDefaults+DarkCloudy.swift"; sourceTree = "<group>"; };
		34B9E8C91FF5139E000BE0E1 /* UnitConversion+DarkCloudy.swift */ = {isa = PBXFileReference; lastKnownFileType = sourcecode.swift; path = "UnitConversion+DarkCloudy.swift"; sourceTree = "<group>"; };
		34B9E8CC1FF6AE35000BE0E1 /* SettingsViewController.swift */ = {isa = PBXFileReference; lastKnownFileType = sourcecode.swift; path = SettingsViewController.swift; sourceTree = "<group>"; };
		34B9E8CD1FF6AE35000BE0E1 /* SettingsViewController.xib */ = {isa = PBXFileReference; lastKnownFileType = file.xib; path = SettingsViewController.xib; sourceTree = "<group>"; };
		34B9E8D11FF6AE53000BE0E1 /* SettingViewCell.swift */ = {isa = PBXFileReference; lastKnownFileType = sourcecode.swift; path = SettingViewCell.swift; sourceTree = "<group>"; };
		34B9E8D21FF6AE53000BE0E1 /* SettingViewCell.xib */ = {isa = PBXFileReference; lastKnownFileType = file.xib; path = SettingViewCell.xib; sourceTree = "<group>"; };
		34B9E8D61FF6C7D4000BE0E1 /* LocationsViewController.swift */ = {isa = PBXFileReference; lastKnownFileType = sourcecode.swift; path = LocationsViewController.swift; sourceTree = "<group>"; };
		34B9E8D71FF6C7D4000BE0E1 /* LocationsViewController.xib */ = {isa = PBXFileReference; lastKnownFileType = file.xib; path = LocationsViewController.xib; sourceTree = "<group>"; };
		34B9E8DB1FF6C825000BE0E1 /* LocationViewCell.swift */ = {isa = PBXFileReference; lastKnownFileType = sourcecode.swift; path = LocationViewCell.swift; sourceTree = "<group>"; };
		34B9E8DC1FF6C825000BE0E1 /* LocationViewCell.xib */ = {isa = PBXFileReference; lastKnownFileType = file.xib; path = LocationViewCell.xib; sourceTree = "<group>"; };
		34B9E8DF1FF6CA97000BE0E1 /* AddLocationViewController.swift */ = {isa = PBXFileReference; lastKnownFileType = sourcecode.swift; path = AddLocationViewController.swift; sourceTree = "<group>"; };
		34B9E8E01FF6CA97000BE0E1 /* AddLocationViewController.xib */ = {isa = PBXFileReference; lastKnownFileType = file.xib; path = AddLocationViewController.xib; sourceTree = "<group>"; };
		34B9E8E41FF75E8A000BE0E1 /* Location.swift */ = {isa = PBXFileReference; lastKnownFileType = sourcecode.swift; path = Location.swift; sourceTree = "<group>"; };
		34B9E8E71FF7BFAB000BE0E1 /* LocationRepresentable.swift */ = {isa = PBXFileReference; lastKnownFileType = sourcecode.swift; path = LocationRepresentable.swift; sourceTree = "<group>"; };
		34B9E8EA1FF7C2B2000BE0E1 /* LocationsViewLocationViewModel.swift */ = {isa = PBXFileReference; lastKnownFileType = sourcecode.swift; path = LocationsViewLocationViewModel.swift; sourceTree = "<group>"; };
		34B9E8ED1FF845B8000BE0E1 /* DayViewViewModel.swift */ = {isa = PBXFileReference; lastKnownFileType = sourcecode.swift; path = DayViewViewModel.swift; sourceTree = "<group>"; };
		34B9E8EF1FF8484A000BE0E1 /* UIImage+DarkCloudy.swift */ = {isa = PBXFileReference; lastKnownFileType = sourcecode.swift; path = "UIImage+DarkCloudy.swift"; sourceTree = "<group>"; };
		34B9E8F11FF84C10000BE0E1 /* WeekViewViewModel.swift */ = {isa = PBXFileReference; lastKnownFileType = sourcecode.swift; path = WeekViewViewModel.swift; sourceTree = "<group>"; };
		34B9E8F41FF8521E000BE0E1 /* SettingsViewTimeViewModel.swift */ = {isa = PBXFileReference; lastKnownFileType = sourcecode.swift; path = SettingsViewTimeViewModel.swift; sourceTree = "<group>"; };
		34B9E8F61FF8543E000BE0E1 /* SettingsViewUnitsViewModel.swift */ = {isa = PBXFileReference; lastKnownFileType = sourcecode.swift; path = SettingsViewUnitsViewModel.swift; sourceTree = "<group>"; };
		34B9E8F81FF8545B000BE0E1 /* SettingsViewTemperatureViewModel.swift */ = {isa = PBXFileReference; lastKnownFileType = sourcecode.swift; path = SettingsViewTemperatureViewModel.swift; sourceTree = "<group>"; };
		34B9E8FB1FF85662000BE0E1 /* SettingsRepresentable.swift */ = {isa = PBXFileReference; lastKnownFileType = sourcecode.swift; path = SettingsRepresentable.swift; sourceTree = "<group>"; };
		34B9E8FD1FF859A1000BE0E1 /* WeatherDayViewViewModel.swift */ = {isa = PBXFileReference; lastKnownFileType = sourcecode.swift; path = WeatherDayViewViewModel.swift; sourceTree = "<group>"; };
		34B9E9001FF85CD7000BE0E1 /* WeatherDayRepresentable.swift */ = {isa = PBXFileReference; lastKnownFileType = sourcecode.swift; path = WeatherDayRepresentable.swift; sourceTree = "<group>"; };
		34B9E9061FF8619D000BE0E1 /* SettingsViewTimeViewModelTests.swift */ = {isa = PBXFileReference; lastKnownFileType = sourcecode.swift; path = SettingsViewTimeViewModelTests.swift; sourceTree = "<group>"; };
		34B9E9081FF86638000BE0E1 /* SettingsViewUnitsViewModelTests.swift */ = {isa = PBXFileReference; lastKnownFileType = sourcecode.swift; path = SettingsViewUnitsViewModelTests.swift; sourceTree = "<group>"; };
		34B9E90A1FF8678E000BE0E1 /* SettingsViewTemperatureViewModelTests.swift */ = {isa = PBXFileReference; lastKnownFileType = sourcecode.swift; path = SettingsViewTemperatureViewModelTests.swift; sourceTree = "<group>"; };
		34B9E90C1FF869A7000BE0E1 /* darkSky.json */ = {isa = PBXFileReference; fileEncoding = 4; lastKnownFileType = text.json; path = darkSky.json; sourceTree = "<group>"; };
		34B9E90E1FF869F5000BE0E1 /* XCTestCase+DarkCloudyTests.swift */ = {isa = PBXFileReference; lastKnownFileType = sourcecode.swift; path = "XCTestCase+DarkCloudyTests.swift"; sourceTree = "<group>"; };
		34B9E9101FF86AED000BE0E1 /* DayViewViewModelTests.swift */ = {isa = PBXFileReference; lastKnownFileType = sourcecode.swift; path = DayViewViewModelTests.swift; sourceTree = "<group>"; };
		34D68EA41FF4E4FC00D3B178 /* JSONDecodable.swift */ = {isa = PBXFileReference; lastKnownFileType = sourcecode.swift; path = JSONDecodable.swift; sourceTree = "<group>"; };
		34D68EA61FF4E54700D3B178 /* WeatherData.swift */ = {isa = PBXFileReference; lastKnownFileType = sourcecode.swift; path = WeatherData.swift; sourceTree = "<group>"; };
/* End PBXFileReference section */

/* Begin PBXFrameworksBuildPhase section */
		34AD7F941FF3DE8600CA8D85 /* Frameworks */ = {
			isa = PBXFrameworksBuildPhase;
			buildActionMask = 2147483647;
			files = (
			);
			runOnlyForDeploymentPostprocessing = 0;
		};
		34AD7FA81FF3DE8600CA8D85 /* Frameworks */ = {
			isa = PBXFrameworksBuildPhase;
			buildActionMask = 2147483647;
			files = (
			);
			runOnlyForDeploymentPostprocessing = 0;
		};
/* End PBXFrameworksBuildPhase section */

/* Begin PBXGroup section */
		34AD7F8E1FF3DE8600CA8D85 = {
			isa = PBXGroup;
			children = (
				34AD7F991FF3DE8600CA8D85 /* DarkCloudy */,
				34AD7FAE1FF3DE8600CA8D85 /* DarkCloudyTests */,
				34AD7F981FF3DE8600CA8D85 /* Products */,
			);
			sourceTree = "<group>";
		};
		34AD7F981FF3DE8600CA8D85 /* Products */ = {
			isa = PBXGroup;
			children = (
				34AD7F971FF3DE8600CA8D85 /* DarkCloudy.app */,
				34AD7FAB1FF3DE8600CA8D85 /* DarkCloudyTests.xctest */,
			);
			name = Products;
			sourceTree = "<group>";
		};
		34AD7F991FF3DE8600CA8D85 /* DarkCloudy */ = {
			isa = PBXGroup;
			children = (
				34B9E8BD1FF4F254000BE0E1 /* Extensions */,
				34D68EA31FF4E4EB00D3B178 /* protocols */,
				34D68EA21FF4E4DB00D3B178 /* Models */,
				34AD7FEF1FF3F0AB00CA8D85 /* Managers */,
				34AD7FEC1FF3EF9200CA8D85 /* Configuration */,
				34AD7FBA1FF3DE8C00CA8D85 /* App Delegate */,
				34AD7FBD1FF3DEEF00CA8D85 /* VIewController */,
				34AD7FBB1FF3DE9500CA8D85 /* Support files */,
			);
			path = DarkCloudy;
			sourceTree = "<group>";
		};
		34AD7FAE1FF3DE8600CA8D85 /* DarkCloudyTests */ = {
			isa = PBXGroup;
			children = (
				34B9E9051FF86058000BE0E1 /* Test Cases */,
				34B9E9041FF86048000BE0E1 /* Extenstions */,
				34B9E9031FF8603C000BE0E1 /* Stubs */,
				34B9E9021FF85FFA000BE0E1 /* Supporting Files */,
			);
			path = DarkCloudyTests;
			sourceTree = "<group>";
		};
		34AD7FBA1FF3DE8C00CA8D85 /* App Delegate */ = {
			isa = PBXGroup;
			children = (
				34AD7F9A1FF3DE8600CA8D85 /* AppDelegate.swift */,
			);
			path = "App Delegate";
			sourceTree = "<group>";
		};
		34AD7FBB1FF3DE9500CA8D85 /* Support files */ = {
			isa = PBXGroup;
			children = (
				34AD7FA11FF3DE8600CA8D85 /* Assets.xcassets */,
				34AD7FA31FF3DE8600CA8D85 /* LaunchScreen.storyboard */,
				34AD7FA61FF3DE8600CA8D85 /* Info.plist */,
			);
			path = "Support files";
			sourceTree = "<group>";
		};
		34AD7FBD1FF3DEEF00CA8D85 /* VIewController */ = {
			isa = PBXGroup;
			children = (
				34B9E8D51FF6C7BC000BE0E1 /* Location View Controller */,
				34B9E8CB1FF6AE14000BE0E1 /* Settings View Controllers */,
				34B9E8B71FF4EAB7000BE0E1 /* Weather View Controllers */,
				34B9E8B61FF4EA80000BE0E1 /* Root View Controllers */,
			);
			path = VIewController;
			sourceTree = "<group>";
		};
		34AD7FEC1FF3EF9200CA8D85 /* Configuration */ = {
			isa = PBXGroup;
			children = (
				34AD7FED1FF3EFA300CA8D85 /* Configuration.swift */,
			);
			path = Configuration;
			sourceTree = "<group>";
		};
		34AD7FEF1FF3F0AB00CA8D85 /* Managers */ = {
			isa = PBXGroup;
			children = (
				34AD7FF01FF3F0BA00CA8D85 /* DataManager.swift */,
			);
			path = Managers;
			sourceTree = "<group>";
		};
		34B9E8B61FF4EA80000BE0E1 /* Root View Controllers */ = {
			isa = PBXGroup;
			children = (
				34AD7FBE1FF3DEFF00CA8D85 /* RootViewViewController.swift */,
				34AD7FBF1FF3DEFF00CA8D85 /* RootViewViewController.xib */,
			);
			path = "Root View Controllers";
			sourceTree = "<group>";
		};
		34B9E8B71FF4EAB7000BE0E1 /* Weather View Controllers */ = {
			isa = PBXGroup;
			children = (
				34B9E8FF1FF85CCF000BE0E1 /* Protocols */,
				34B9E8EC1FF8458B000BE0E1 /* ViewModels */,
				34B9E8B81FF4EF7B000BE0E1 /* Cells */,
				34AD7FDA1FF3E52F00CA8D85 /* DayViewController.swift */,
				34AD7FDB1FF3E52F00CA8D85 /* DayViewController.xib */,
				34AD7FDE1FF3E55100CA8D85 /* WeekViewController.swift */,
				34AD7FDF1FF3E55100CA8D85 /* WeekViewController.xib */,
				34B9E8C01FF4F769000BE0E1 /* WeatherViewController.swift */,
			);
			path = "Weather View Controllers";
			sourceTree = "<group>";
		};
		34B9E8B81FF4EF7B000BE0E1 /* Cells */ = {
			isa = PBXGroup;
			children = (
				34B9E8B91FF4EF95000BE0E1 /* WeekViewCell.swift */,
				34B9E8BA1FF4EF95000BE0E1 /* WeekViewCell.xib */,
			);
			path = Cells;
			sourceTree = "<group>";
		};
		34B9E8BD1FF4F254000BE0E1 /* Extensions */ = {
			isa = PBXGroup;
			children = (
				34B9E8BE1FF4F26E000BE0E1 /* NSObject+DarkCloudy.swift */,
				34B9E8C21FF50268000BE0E1 /* UIViewController+DarkCloudy.swift */,
				34B9E8C71FF512FA000BE0E1 /* UserDefaults+DarkCloudy.swift */,
				34B9E8C91FF5139E000BE0E1 /* UnitConversion+DarkCloudy.swift */,
				34B9E8EF1FF8484A000BE0E1 /* UIImage+DarkCloudy.swift */,
			);
			path = Extensions;
			sourceTree = "<group>";
		};
		34B9E8CB1FF6AE14000BE0E1 /* Settings View Controllers */ = {
			isa = PBXGroup;
			children = (
				34B9E8CC1FF6AE35000BE0E1 /* SettingsViewController.swift */,
				34B9E8CD1FF6AE35000BE0E1 /* SettingsViewController.xib */,
				34B9E8FA1FF8562B000BE0E1 /* Protocols */,
				34B9E8F31FF85208000BE0E1 /* View models */,
				34B9E8D01FF6AE3B000BE0E1 /* Cells */,
			);
			path = "Settings View Controllers";
			sourceTree = "<group>";
		};
		34B9E8D01FF6AE3B000BE0E1 /* Cells */ = {
			isa = PBXGroup;
			children = (
				34B9E8D11FF6AE53000BE0E1 /* SettingViewCell.swift */,
				34B9E8D21FF6AE53000BE0E1 /* SettingViewCell.xib */,
			);
			path = Cells;
			sourceTree = "<group>";
		};
		34B9E8D51FF6C7BC000BE0E1 /* Location View Controller */ = {
			isa = PBXGroup;
			children = (
				34B9E8E91FF7C294000BE0E1 /* View models */,
				34B9E8E61FF7BF96000BE0E1 /* protocols */,
				34B9E8DA1FF6C805000BE0E1 /* Cells */,
				34B9E8D61FF6C7D4000BE0E1 /* LocationsViewController.swift */,
				34B9E8D71FF6C7D4000BE0E1 /* LocationsViewController.xib */,
				34B9E8E31FF6CBFC000BE0E1 /* Add Location View Controller */,
			);
			path = "Location View Controller";
			sourceTree = "<group>";
		};
		34B9E8DA1FF6C805000BE0E1 /* Cells */ = {
			isa = PBXGroup;
			children = (
				34B9E8DB1FF6C825000BE0E1 /* LocationViewCell.swift */,
				34B9E8DC1FF6C825000BE0E1 /* LocationViewCell.xib */,
			);
			path = Cells;
			sourceTree = "<group>";
		};
		34B9E8E31FF6CBFC000BE0E1 /* Add Location View Controller */ = {
			isa = PBXGroup;
			children = (
				34B9E8DF1FF6CA97000BE0E1 /* AddLocationViewController.swift */,
				34B9E8E01FF6CA97000BE0E1 /* AddLocationViewController.xib */,
			);
			path = "Add Location View Controller";
			sourceTree = "<group>";
		};
		34B9E8E61FF7BF96000BE0E1 /* protocols */ = {
			isa = PBXGroup;
			children = (
				34B9E8E71FF7BFAB000BE0E1 /* LocationRepresentable.swift */,
			);
			path = protocols;
			sourceTree = "<group>";
		};
		34B9E8E91FF7C294000BE0E1 /* View models */ = {
			isa = PBXGroup;
			children = (
				34B9E8EA1FF7C2B2000BE0E1 /* LocationsViewLocationViewModel.swift */,
			);
			path = "View models";
			sourceTree = "<group>";
		};
		34B9E8EC1FF8458B000BE0E1 /* ViewModels */ = {
			isa = PBXGroup;
			children = (
				34B9E8ED1FF845B8000BE0E1 /* DayViewViewModel.swift */,
				34B9E8F11FF84C10000BE0E1 /* WeekViewViewModel.swift */,
				34B9E8FD1FF859A1000BE0E1 /* WeatherDayViewViewModel.swift */,
			);
			path = ViewModels;
			sourceTree = "<group>";
		};
		34B9E8F31FF85208000BE0E1 /* View models */ = {
			isa = PBXGroup;
			children = (
				34B9E8F41FF8521E000BE0E1 /* SettingsViewTimeViewModel.swift */,
				34B9E8F61FF8543E000BE0E1 /* SettingsViewUnitsViewModel.swift */,
				34B9E8F81FF8545B000BE0E1 /* SettingsViewTemperatureViewModel.swift */,
			);
			path = "View models";
			sourceTree = "<group>";
		};
		34B9E8FA1FF8562B000BE0E1 /* Protocols */ = {
			isa = PBXGroup;
			children = (
				34B9E8FB1FF85662000BE0E1 /* SettingsRepresentable.swift */,
			);
			path = Protocols;
			sourceTree = "<group>";
		};
		34B9E8FF1FF85CCF000BE0E1 /* Protocols */ = {
			isa = PBXGroup;
			children = (
				34B9E9001FF85CD7000BE0E1 /* WeatherDayRepresentable.swift */,
			);
			path = Protocols;
			sourceTree = "<group>";
		};
		34B9E9021FF85FFA000BE0E1 /* Supporting Files */ = {
			isa = PBXGroup;
			children = (
				34AD7FB11FF3DE8600CA8D85 /* Info.plist */,
			);
			path = "Supporting Files";
			sourceTree = "<group>";
		};
		34B9E9031FF8603C000BE0E1 /* Stubs */ = {
			isa = PBXGroup;
			children = (
				34B9E90C1FF869A7000BE0E1 /* darkSky.json */,
			);
			path = Stubs;
			sourceTree = "<group>";
		};
		34B9E9041FF86048000BE0E1 /* Extenstions */ = {
			isa = PBXGroup;
			children = (
				34B9E90E1FF869F5000BE0E1 /* XCTestCase+DarkCloudyTests.swift */,
			);
			path = Extenstions;
			sourceTree = "<group>";
		};
		34B9E9051FF86058000BE0E1 /* Test Cases */ = {
			isa = PBXGroup;
			children = (
				34B9E9061FF8619D000BE0E1 /* SettingsViewTimeViewModelTests.swift */,
				34B9E9081FF86638000BE0E1 /* SettingsViewUnitsViewModelTests.swift */,
				34B9E90A1FF8678E000BE0E1 /* SettingsViewTemperatureViewModelTests.swift */,
				34B9E9101FF86AED000BE0E1 /* DayViewViewModelTests.swift */,
			);
			path = "Test Cases";
			sourceTree = "<group>";
		};
		34D68EA21FF4E4DB00D3B178 /* Models */ = {
			isa = PBXGroup;
			children = (
				34D68EA61FF4E54700D3B178 /* WeatherData.swift */,
				34B9E8C41FF510AF000BE0E1 /* WeatherDayData.swift */,
				34B9E8E41FF75E8A000BE0E1 /* Location.swift */,
			);
			path = Models;
			sourceTree = "<group>";
		};
		34D68EA31FF4E4EB00D3B178 /* protocols */ = {
			isa = PBXGroup;
			children = (
				34D68EA41FF4E4FC00D3B178 /* JSONDecodable.swift */,
			);
			path = protocols;
			sourceTree = "<group>";
		};
/* End PBXGroup section */

/* Begin PBXNativeTarget section */
		34AD7F961FF3DE8600CA8D85 /* DarkCloudy */ = {
			isa = PBXNativeTarget;
			buildConfigurationList = 34AD7FB41FF3DE8600CA8D85 /* Build configuration list for PBXNativeTarget "DarkCloudy" */;
			buildPhases = (
				34AD7F931FF3DE8600CA8D85 /* Sources */,
				34AD7F941FF3DE8600CA8D85 /* Frameworks */,
				34AD7F951FF3DE8600CA8D85 /* Resources */,
			);
			buildRules = (
			);
			dependencies = (
			);
			name = DarkCloudy;
			productName = DarkCloudy;
			productReference = 34AD7F971FF3DE8600CA8D85 /* DarkCloudy.app */;
			productType = "com.apple.product-type.application";
		};
		34AD7FAA1FF3DE8600CA8D85 /* DarkCloudyTests */ = {
			isa = PBXNativeTarget;
			buildConfigurationList = 34AD7FB71FF3DE8600CA8D85 /* Build configuration list for PBXNativeTarget "DarkCloudyTests" */;
			buildPhases = (
				34AD7FA71FF3DE8600CA8D85 /* Sources */,
				34AD7FA81FF3DE8600CA8D85 /* Frameworks */,
				34AD7FA91FF3DE8600CA8D85 /* Resources */,
			);
			buildRules = (
			);
			dependencies = (
				34AD7FAD1FF3DE8600CA8D85 /* PBXTargetDependency */,
			);
			name = DarkCloudyTests;
			productName = DarkCloudyTests;
			productReference = 34AD7FAB1FF3DE8600CA8D85 /* DarkCloudyTests.xctest */;
			productType = "com.apple.product-type.bundle.unit-test";
		};
/* End PBXNativeTarget section */

/* Begin PBXProject section */
		34AD7F8F1FF3DE8600CA8D85 /* Project object */ = {
			isa = PBXProject;
			attributes = {
				LastSwiftUpdateCheck = 0920;
				LastUpgradeCheck = 0920;
				ORGANIZATIONNAME = "Scott moon";
				TargetAttributes = {
					34AD7F961FF3DE8600CA8D85 = {
						CreatedOnToolsVersion = 9.2;
						ProvisioningStyle = Automatic;
					};
					34AD7FAA1FF3DE8600CA8D85 = {
						CreatedOnToolsVersion = 9.2;
						LastSwiftMigration = 0920;
						ProvisioningStyle = Automatic;
						TestTargetID = 34AD7F961FF3DE8600CA8D85;
					};
				};
			};
			buildConfigurationList = 34AD7F921FF3DE8600CA8D85 /* Build configuration list for PBXProject "DarkCloudy" */;
			compatibilityVersion = "Xcode 8.0";
			developmentRegion = en;
			hasScannedForEncodings = 0;
			knownRegions = (
				en,
				Base,
			);
			mainGroup = 34AD7F8E1FF3DE8600CA8D85;
			productRefGroup = 34AD7F981FF3DE8600CA8D85 /* Products */;
			projectDirPath = "";
			projectRoot = "";
			targets = (
				34AD7F961FF3DE8600CA8D85 /* DarkCloudy */,
				34AD7FAA1FF3DE8600CA8D85 /* DarkCloudyTests */,
			);
		};
/* End PBXProject section */

/* Begin PBXResourcesBuildPhase section */
		34AD7F951FF3DE8600CA8D85 /* Resources */ = {
			isa = PBXResourcesBuildPhase;
			buildActionMask = 2147483647;
			files = (
				34B9E8BC1FF4EF95000BE0E1 /* WeekViewCell.xib in Resources */,
				34AD7FA51FF3DE8600CA8D85 /* LaunchScreen.storyboard in Resources */,
				34AD7FC11FF3DEFF00CA8D85 /* RootViewViewController.xib in Resources */,
				34AD7FDD1FF3E52F00CA8D85 /* DayViewController.xib in Resources */,
				34AD7FE11FF3E55100CA8D85 /* WeekViewController.xib in Resources */,
				34B9E8DE1FF6C825000BE0E1 /* LocationViewCell.xib in Resources */,
				34B9E8D41FF6AE53000BE0E1 /* SettingViewCell.xib in Resources */,
				34B9E8CF1FF6AE35000BE0E1 /* SettingsViewController.xib in Resources */,
				34B9E8E21FF6CA97000BE0E1 /* AddLocationViewController.xib in Resources */,
				34B9E8D91FF6C7D4000BE0E1 /* LocationsViewController.xib in Resources */,
				34AD7FA21FF3DE8600CA8D85 /* Assets.xcassets in Resources */,
			);
			runOnlyForDeploymentPostprocessing = 0;
		};
		34AD7FA91FF3DE8600CA8D85 /* Resources */ = {
			isa = PBXResourcesBuildPhase;
			buildActionMask = 2147483647;
			files = (
				34B9E90D1FF869A8000BE0E1 /* darkSky.json in Resources */,
			);
			runOnlyForDeploymentPostprocessing = 0;
		};
/* End PBXResourcesBuildPhase section */

/* Begin PBXSourcesBuildPhase section */
		34AD7F931FF3DE8600CA8D85 /* Sources */ = {
			isa = PBXSourcesBuildPhase;
			buildActionMask = 2147483647;
			files = (
				34B9E8BB1FF4EF95000BE0E1 /* WeekViewCell.swift in Sources */,
				34B9E8C11FF4F769000BE0E1 /* WeatherViewController.swift in Sources */,
				34B9E8BF1FF4F26E000BE0E1 /* NSObject+DarkCloudy.swift in Sources */,
				34B9E8F91FF8545B000BE0E1 /* SettingsViewTemperatureViewModel.swift in Sources */,
				34AD7FE01FF3E55100CA8D85 /* WeekViewController.swift in Sources */,
				34B9E9011FF85CD7000BE0E1 /* WeatherDayRepresentable.swift in Sources */,
				34D68EA71FF4E54700D3B178 /* WeatherData.swift in Sources */,
				34B9E8C51FF510AF000BE0E1 /* WeatherDayData.swift in Sources */,
				34B9E8F71FF8543E000BE0E1 /* SettingsViewUnitsViewModel.swift in Sources */,
				34B9E8C31FF50268000BE0E1 /* UIViewController+DarkCloudy.swift in Sources */,
				34B9E8E11FF6CA97000BE0E1 /* AddLocationViewController.swift in Sources */,
				34B9E8CE1FF6AE35000BE0E1 /* SettingsViewController.swift in Sources */,
				34B9E8C81FF512FA000BE0E1 /* UserDefaults+DarkCloudy.swift in Sources */,
				34AD7FEE1FF3EFA300CA8D85 /* Configuration.swift in Sources */,
				34AD7F9B1FF3DE8600CA8D85 /* AppDelegate.swift in Sources */,
				34B9E8CA1FF5139E000BE0E1 /* UnitConversion+DarkCloudy.swift in Sources */,
				34B9E8FC1FF85662000BE0E1 /* SettingsRepresentable.swift in Sources */,
				34B9E8E51FF75E8A000BE0E1 /* Location.swift in Sources */,
				34B9E8EE1FF845B8000BE0E1 /* DayViewViewModel.swift in Sources */,
				34B9E8DD1FF6C825000BE0E1 /* LocationViewCell.swift in Sources */,
				34D68EA51FF4E4FC00D3B178 /* JSONDecodable.swift in Sources */,
				34B9E8D31FF6AE53000BE0E1 /* SettingViewCell.swift in Sources */,
				34AD7FC01FF3DEFF00CA8D85 /* RootViewViewController.swift in Sources */,
				34B9E8FE1FF859A1000BE0E1 /* WeatherDayViewViewModel.swift in Sources */,
				34B9E8D81FF6C7D4000BE0E1 /* LocationsViewController.swift in Sources */,
				34B9E8E81FF7BFAB000BE0E1 /* LocationRepresentable.swift in Sources */,
				34B9E8F51FF8521E000BE0E1 /* SettingsViewTimeViewModel.swift in Sources */,
				34AD7FF11FF3F0BA00CA8D85 /* DataManager.swift in Sources */,
				34B9E8F01FF8484A000BE0E1 /* UIImage+DarkCloudy.swift in Sources */,
				34AD7FDC1FF3E52F00CA8D85 /* DayViewController.swift in Sources */,
				34B9E8EB1FF7C2B2000BE0E1 /* LocationsViewLocationViewModel.swift in Sources */,
				34B9E8F21FF84C10000BE0E1 /* WeekViewViewModel.swift in Sources */,
			);
			runOnlyForDeploymentPostprocessing = 0;
		};
		34AD7FA71FF3DE8600CA8D85 /* Sources */ = {
			isa = PBXSourcesBuildPhase;
			buildActionMask = 2147483647;
			files = (
				34B9E9111FF86AED000BE0E1 /* DayViewViewModelTests.swift in Sources */,
				34B9E90F1FF869F5000BE0E1 /* XCTestCase+DarkCloudyTests.swift in Sources */,
				34B9E9091FF86638000BE0E1 /* SettingsViewUnitsViewModelTests.swift in Sources */,
				34B9E90B1FF8678E000BE0E1 /* SettingsViewTemperatureViewModelTests.swift in Sources */,
				34B9E9071FF8619D000BE0E1 /* SettingsViewTimeViewModelTests.swift in Sources */,
			);
			runOnlyForDeploymentPostprocessing = 0;
		};
/* End PBXSourcesBuildPhase section */

/* Begin PBXTargetDependency section */
		34AD7FAD1FF3DE8600CA8D85 /* PBXTargetDependency */ = {
			isa = PBXTargetDependency;
			target = 34AD7F961FF3DE8600CA8D85 /* DarkCloudy */;
			targetProxy = 34AD7FAC1FF3DE8600CA8D85 /* PBXContainerItemProxy */;
		};
/* End PBXTargetDependency section */

/* Begin PBXVariantGroup section */
		34AD7FA31FF3DE8600CA8D85 /* LaunchScreen.storyboard */ = {
			isa = PBXVariantGroup;
			children = (
				34AD7FA41FF3DE8600CA8D85 /* Base */,
			);
			name = LaunchScreen.storyboard;
			sourceTree = "<group>";
		};
/* End PBXVariantGroup section */

/* Begin XCBuildConfiguration section */
		34AD7FB21FF3DE8600CA8D85 /* Debug */ = {
			isa = XCBuildConfiguration;
			buildSettings = {
				ALWAYS_SEARCH_USER_PATHS = NO;
				CLANG_ANALYZER_NONNULL = YES;
				CLANG_ANALYZER_NUMBER_OBJECT_CONVERSION = YES_AGGRESSIVE;
				CLANG_CXX_LANGUAGE_STANDARD = "gnu++14";
				CLANG_CXX_LIBRARY = "libc++";
				CLANG_ENABLE_MODULES = YES;
				CLANG_ENABLE_OBJC_ARC = YES;
				CLANG_WARN_BLOCK_CAPTURE_AUTORELEASING = YES;
				CLANG_WARN_BOOL_CONVERSION = YES;
				CLANG_WARN_COMMA = YES;
				CLANG_WARN_CONSTANT_CONVERSION = YES;
				CLANG_WARN_DIRECT_OBJC_ISA_USAGE = YES_ERROR;
				CLANG_WARN_DOCUMENTATION_COMMENTS = YES;
				CLANG_WARN_EMPTY_BODY = YES;
				CLANG_WARN_ENUM_CONVERSION = YES;
				CLANG_WARN_INFINITE_RECURSION = YES;
				CLANG_WARN_INT_CONVERSION = YES;
				CLANG_WARN_NON_LITERAL_NULL_CONVERSION = YES;
				CLANG_WARN_OBJC_LITERAL_CONVERSION = YES;
				CLANG_WARN_OBJC_ROOT_CLASS = YES_ERROR;
				CLANG_WARN_RANGE_LOOP_ANALYSIS = YES;
				CLANG_WARN_STRICT_PROTOTYPES = YES;
				CLANG_WARN_SUSPICIOUS_MOVE = YES;
				CLANG_WARN_UNGUARDED_AVAILABILITY = YES_AGGRESSIVE;
				CLANG_WARN_UNREACHABLE_CODE = YES;
				CLANG_WARN__DUPLICATE_METHOD_MATCH = YES;
				CODE_SIGN_IDENTITY = "iPhone Developer";
				COPY_PHASE_STRIP = NO;
				DEBUG_INFORMATION_FORMAT = dwarf;
				ENABLE_STRICT_OBJC_MSGSEND = YES;
				ENABLE_TESTABILITY = YES;
				GCC_C_LANGUAGE_STANDARD = gnu11;
				GCC_DYNAMIC_NO_PIC = NO;
				GCC_NO_COMMON_BLOCKS = YES;
				GCC_OPTIMIZATION_LEVEL = 0;
				GCC_PREPROCESSOR_DEFINITIONS = (
					"DEBUG=1",
					"$(inherited)",
				);
				GCC_WARN_64_TO_32_BIT_CONVERSION = YES;
				GCC_WARN_ABOUT_RETURN_TYPE = YES_ERROR;
				GCC_WARN_UNDECLARED_SELECTOR = YES;
				GCC_WARN_UNINITIALIZED_AUTOS = YES_AGGRESSIVE;
				GCC_WARN_UNUSED_FUNCTION = YES;
				GCC_WARN_UNUSED_VARIABLE = YES;
				IPHONEOS_DEPLOYMENT_TARGET = 11.2;
				MTL_ENABLE_DEBUG_INFO = YES;
				ONLY_ACTIVE_ARCH = YES;
				SDKROOT = iphoneos;
				SWIFT_ACTIVE_COMPILATION_CONDITIONS = DEBUG;
				SWIFT_OPTIMIZATION_LEVEL = "-Onone";
			};
			name = Debug;
		};
		34AD7FB31FF3DE8600CA8D85 /* Release */ = {
			isa = XCBuildConfiguration;
			buildSettings = {
				ALWAYS_SEARCH_USER_PATHS = NO;
				CLANG_ANALYZER_NONNULL = YES;
				CLANG_ANALYZER_NUMBER_OBJECT_CONVERSION = YES_AGGRESSIVE;
				CLANG_CXX_LANGUAGE_STANDARD = "gnu++14";
				CLANG_CXX_LIBRARY = "libc++";
				CLANG_ENABLE_MODULES = YES;
				CLANG_ENABLE_OBJC_ARC = YES;
				CLANG_WARN_BLOCK_CAPTURE_AUTORELEASING = YES;
				CLANG_WARN_BOOL_CONVERSION = YES;
				CLANG_WARN_COMMA = YES;
				CLANG_WARN_CONSTANT_CONVERSION = YES;
				CLANG_WARN_DIRECT_OBJC_ISA_USAGE = YES_ERROR;
				CLANG_WARN_DOCUMENTATION_COMMENTS = YES;
				CLANG_WARN_EMPTY_BODY = YES;
				CLANG_WARN_ENUM_CONVERSION = YES;
				CLANG_WARN_INFINITE_RECURSION = YES;
				CLANG_WARN_INT_CONVERSION = YES;
				CLANG_WARN_NON_LITERAL_NULL_CONVERSION = YES;
				CLANG_WARN_OBJC_LITERAL_CONVERSION = YES;
				CLANG_WARN_OBJC_ROOT_CLASS = YES_ERROR;
				CLANG_WARN_RANGE_LOOP_ANALYSIS = YES;
				CLANG_WARN_STRICT_PROTOTYPES = YES;
				CLANG_WARN_SUSPICIOUS_MOVE = YES;
				CLANG_WARN_UNGUARDED_AVAILABILITY = YES_AGGRESSIVE;
				CLANG_WARN_UNREACHABLE_CODE = YES;
				CLANG_WARN__DUPLICATE_METHOD_MATCH = YES;
				CODE_SIGN_IDENTITY = "iPhone Developer";
				COPY_PHASE_STRIP = NO;
				DEBUG_INFORMATION_FORMAT = "dwarf-with-dsym";
				ENABLE_NS_ASSERTIONS = NO;
				ENABLE_STRICT_OBJC_MSGSEND = YES;
				GCC_C_LANGUAGE_STANDARD = gnu11;
				GCC_NO_COMMON_BLOCKS = YES;
				GCC_WARN_64_TO_32_BIT_CONVERSION = YES;
				GCC_WARN_ABOUT_RETURN_TYPE = YES_ERROR;
				GCC_WARN_UNDECLARED_SELECTOR = YES;
				GCC_WARN_UNINITIALIZED_AUTOS = YES_AGGRESSIVE;
				GCC_WARN_UNUSED_FUNCTION = YES;
				GCC_WARN_UNUSED_VARIABLE = YES;
				IPHONEOS_DEPLOYMENT_TARGET = 11.2;
				MTL_ENABLE_DEBUG_INFO = NO;
				SDKROOT = iphoneos;
				SWIFT_OPTIMIZATION_LEVEL = "-Owholemodule";
				VALIDATE_PRODUCT = YES;
			};
			name = Release;
		};
		34AD7FB51FF3DE8600CA8D85 /* Debug */ = {
			isa = XCBuildConfiguration;
			buildSettings = {
				ASSETCATALOG_COMPILER_APPICON_NAME = AppIcon;
				CODE_SIGN_STYLE = Automatic;
				DEVELOPMENT_TEAM = FNDVP9SLK2;
				INFOPLIST_FILE = "$(SRCROOT)/DarkCloudy/Support files/Info.plist";
				LD_RUNPATH_SEARCH_PATHS = "$(inherited) @executable_path/Frameworks";
				PRODUCT_BUNDLE_IDENTIFIER = git.scottmoon.DarkCloudy;
				PRODUCT_NAME = "$(TARGET_NAME)";
				SWIFT_VERSION = 4.0;
				TARGETED_DEVICE_FAMILY = 1;
			};
			name = Debug;
		};
		34AD7FB61FF3DE8600CA8D85 /* Release */ = {
			isa = XCBuildConfiguration;
			buildSettings = {
				ASSETCATALOG_COMPILER_APPICON_NAME = AppIcon;
				CODE_SIGN_STYLE = Automatic;
				DEVELOPMENT_TEAM = FNDVP9SLK2;
				INFOPLIST_FILE = "$(SRCROOT)/DarkCloudy/Support files/Info.plist";
				LD_RUNPATH_SEARCH_PATHS = "$(inherited) @executable_path/Frameworks";
				PRODUCT_BUNDLE_IDENTIFIER = git.scottmoon.DarkCloudy;
				PRODUCT_NAME = "$(TARGET_NAME)";
				SWIFT_VERSION = 4.0;
				TARGETED_DEVICE_FAMILY = 1;
			};
			name = Release;
		};
		34AD7FB81FF3DE8600CA8D85 /* Debug */ = {
			isa = XCBuildConfiguration;
			buildSettings = {
				ALWAYS_EMBED_SWIFT_STANDARD_LIBRARIES = YES;
				BUNDLE_LOADER = "$(TEST_HOST)";
				CLANG_ENABLE_MODULES = YES;
				CODE_SIGN_STYLE = Automatic;
				DEVELOPMENT_TEAM = FNDVP9SLK2;
				INFOPLIST_FILE = "DarkCloudyTests/Supporting Files/Info.plist";
				LD_RUNPATH_SEARCH_PATHS = "$(inherited) @executable_path/Frameworks @loader_path/Frameworks";
				PRODUCT_BUNDLE_IDENTIFIER = git.scottmoon.DarkCloudyTests;
				PRODUCT_NAME = "$(TARGET_NAME)";
				SWIFT_OPTIMIZATION_LEVEL = "-Onone";
				SWIFT_VERSION = 4.0;
				TARGETED_DEVICE_FAMILY = "1,2";
				TEST_HOST = "$(BUILT_PRODUCTS_DIR)/DarkCloudy.app/DarkCloudy";
			};
			name = Debug;
		};
		34AD7FB91FF3DE8600CA8D85 /* Release */ = {
			isa = XCBuildConfiguration;
			buildSettings = {
				ALWAYS_EMBED_SWIFT_STANDARD_LIBRARIES = YES;
				BUNDLE_LOADER = "$(TEST_HOST)";
				CLANG_ENABLE_MODULES = YES;
				CODE_SIGN_STYLE = Automatic;
				DEVELOPMENT_TEAM = FNDVP9SLK2;
				INFOPLIST_FILE = "DarkCloudyTests/Supporting Files/Info.plist";
				LD_RUNPATH_SEARCH_PATHS = "$(inherited) @executable_path/Frameworks @loader_path/Frameworks";
				PRODUCT_BUNDLE_IDENTIFIER = git.scottmoon.DarkCloudyTests;
				PRODUCT_NAME = "$(TARGET_NAME)";
				SWIFT_VERSION = 4.0;
				TARGETED_DEVICE_FAMILY = "1,2";
				TEST_HOST = "$(BUILT_PRODUCTS_DIR)/DarkCloudy.app/DarkCloudy";
			};
			name = Release;
		};
/* End XCBuildConfiguration section */

/* Begin XCConfigurationList section */
		34AD7F921FF3DE8600CA8D85 /* Build configuration list for PBXProject "DarkCloudy" */ = {
			isa = XCConfigurationList;
			buildConfigurations = (
				34AD7FB21FF3DE8600CA8D85 /* Debug */,
				34AD7FB31FF3DE8600CA8D85 /* Release */,
			);
			defaultConfigurationIsVisible = 0;
			defaultConfigurationName = Release;
		};
		34AD7FB41FF3DE8600CA8D85 /* Build configuration list for PBXNativeTarget "DarkCloudy" */ = {
			isa = XCConfigurationList;
			buildConfigurations = (
				34AD7FB51FF3DE8600CA8D85 /* Debug */,
				34AD7FB61FF3DE8600CA8D85 /* Release */,
			);
			defaultConfigurationIsVisible = 0;
			defaultConfigurationName = Release;
		};
		34AD7FB71FF3DE8600CA8D85 /* Build configuration list for PBXNativeTarget "DarkCloudyTests" */ = {
			isa = XCConfigurationList;
			buildConfigurations = (
				34AD7FB81FF3DE8600CA8D85 /* Debug */,
				34AD7FB91FF3DE8600CA8D85 /* Release */,
			);
			defaultConfigurationIsVisible = 0;
			defaultConfigurationName = Release;
		};
/* End XCConfigurationList section */
	};
	rootObject = 34AD7F8F1FF3DE8600CA8D85 /* Project object */;
}
